
Microsoft Visual Studio Solution File, Format Version 12.00
# Visual Studio Version 16
VisualStudioVersion = 25.0.1700.0
MinimumVisualStudioVersion = 10.0.40219.1
Project("{FAE04EC0-301F-11D3-BF4B-00C04F79EFBC}") = "KeepOnTruckin", "KeepOnTruckin.csproj", "{DB4A0354-1F56-4AE5-A66F-697FB4A87C70}"
EndProject
Global
	GlobalSection(SolutionConfigurationPlatforms) = preSolution
		Debug|Any CPU = Debug|Any CPU
		Release|Any CPU = Release|Any CPU
	EndGlobalSection
	GlobalSection(ProjectConfigurationPlatforms) = postSolution
		{DB4A0354-1F56-4AE5-A66F-697FB4A87C70}.Debug|Any CPU.ActiveCfg = Debug|Any CPU
		{DB4A0354-1F56-4AE5-A66F-697FB4A87C70}.Debug|Any CPU.Build.0 = Debug|Any CPU
		{DB4A0354-1F56-4AE5-A66F-697FB4A87C70}.Release|Any CPU.ActiveCfg = Release|Any CPU
		{DB4A0354-1F56-4AE5-A66F-697FB4A87C70}.Release|Any CPU.Build.0 = Release|Any CPU
	EndGlobalSection
	GlobalSection(SolutionProperties) = preSolution
		HideSolutionNode = FALSE
	EndGlobalSection
	GlobalSection(ExtensibilityGlobals) = postSolution
		SolutionGuid = {F74B1B85-F2AB-405B-A89B-F953E6C72C4A}
	EndGlobalSection
EndGlobal
